
Microsoft Visual Studio Solution File, Format Version 12.00
# Visual Studio Version 17
VisualStudioVersion = 17.11.35312.102
MinimumVisualStudioVersion = 10.0.40219.1
Project("{FAE04EC0-301F-11D3-BF4B-00C04F79EFBC}") = "AeroDynasty", "AeroDynasty\AeroDynasty.csproj", "{8B3DC94F-3C58-4033-B3FD-9AD480D821ED}"
EndProject
Global
	GlobalSection(SolutionConfigurationPlatforms) = preSolution
		Debug|Any CPU = Debug|Any CPU
		Release|Any CPU = Release|Any CPU
	EndGlobalSection
	GlobalSection(ProjectConfigurationPlatforms) = postSolution
		{8B3DC94F-3C58-4033-B3FD-9AD480D821ED}.Debug|Any CPU.ActiveCfg = Debug|Any CPU
		{8B3DC94F-3C58-4033-B3FD-9AD480D821ED}.Debug|Any CPU.Build.0 = Debug|Any CPU
		{8B3DC94F-3C58-4033-B3FD-9AD480D821ED}.Release|Any CPU.ActiveCfg = Release|Any CPU
		{8B3DC94F-3C58-4033-B3FD-9AD480D821ED}.Release|Any CPU.Build.0 = Release|Any CPU
	EndGlobalSection
	GlobalSection(SolutionProperties) = preSolution
		HideSolutionNode = FALSE
	EndGlobalSection
	GlobalSection(ExtensibilityGlobals) = postSolution
		SolutionGuid = {F0EA1577-C065-4214-B3D0-226EC2E836F9}
	EndGlobalSection
EndGlobal
